
Microsoft Visual Studio Solution File, Format Version 12.00
# Visual Studio Version 17
VisualStudioVersion = 17.0.31903.59
MinimumVisualStudioVersion = 10.0.40219.1
Project("{FAE04EC0-301F-11D3-BF4B-00C04F79EFBC}") = "CryptoLib", "CryptoLib\CryptoLib.csproj", "{4970B077-7FEE-4530-A618-00E652BDAFE6}"
EndProject
Project("{FAE04EC0-301F-11D3-BF4B-00C04F79EFBC}") = "CryptoTests", "CryptoTests\CryptoTests.csproj", "{8C9EDD0B-5156-4E10-98EF-16C9D01F38BA}"
EndProject
Project("{FAE04EC0-301F-11D3-BF4B-00C04F79EFBC}") = "CryptoDemo", "CryptoDemo\CryptoDemo.csproj", "{710AEACC-44AC-4CA5-A268-5DE528C7EAF5}"
EndProject
Project("{FAE04EC0-301F-11D3-BF4B-00C04F79EFBC}") = "CryptoApp", "CryptoApp\CryptoApp.csproj", "{03618154-BDB1-4D08-B08F-1C3133237ADB}"
EndProject
Global
	GlobalSection(SolutionConfigurationPlatforms) = preSolution
		Debug|Any CPU = Debug|Any CPU
		Release|Any CPU = Release|Any CPU
	EndGlobalSection
	GlobalSection(SolutionProperties) = preSolution
		HideSolutionNode = FALSE
	EndGlobalSection
	GlobalSection(ProjectConfigurationPlatforms) = postSolution
		{4970B077-7FEE-4530-A618-00E652BDAFE6}.Debug|Any CPU.ActiveCfg = Debug|Any CPU
		{4970B077-7FEE-4530-A618-00E652BDAFE6}.Debug|Any CPU.Build.0 = Debug|Any CPU
		{4970B077-7FEE-4530-A618-00E652BDAFE6}.Release|Any CPU.ActiveCfg = Release|Any CPU
		{4970B077-7FEE-4530-A618-00E652BDAFE6}.Release|Any CPU.Build.0 = Release|Any CPU
		{8C9EDD0B-5156-4E10-98EF-16C9D01F38BA}.Debug|Any CPU.ActiveCfg = Debug|Any CPU
		{8C9EDD0B-5156-4E10-98EF-16C9D01F38BA}.Debug|Any CPU.Build.0 = Debug|Any CPU
		{8C9EDD0B-5156-4E10-98EF-16C9D01F38BA}.Release|Any CPU.ActiveCfg = Release|Any CPU
		{8C9EDD0B-5156-4E10-98EF-16C9D01F38BA}.Release|Any CPU.Build.0 = Release|Any CPU
		{710AEACC-44AC-4CA5-A268-5DE528C7EAF5}.Debug|Any CPU.ActiveCfg = Debug|Any CPU
		{710AEACC-44AC-4CA5-A268-5DE528C7EAF5}.Debug|Any CPU.Build.0 = Debug|Any CPU
		{710AEACC-44AC-4CA5-A268-5DE528C7EAF5}.Release|Any CPU.ActiveCfg = Release|Any CPU
		{710AEACC-44AC-4CA5-A268-5DE528C7EAF5}.Release|Any CPU.Build.0 = Release|Any CPU
		{03618154-BDB1-4D08-B08F-1C3133237ADB}.Debug|Any CPU.ActiveCfg = Debug|Any CPU
		{03618154-BDB1-4D08-B08F-1C3133237ADB}.Debug|Any CPU.Build.0 = Debug|Any CPU
		{03618154-BDB1-4D08-B08F-1C3133237ADB}.Release|Any CPU.ActiveCfg = Release|Any CPU
		{03618154-BDB1-4D08-B08F-1C3133237ADB}.Release|Any CPU.Build.0 = Release|Any CPU
	EndGlobalSection
EndGlobal
